{
  "projects": [
    {
      "projectId": "ohDidvG9XsCeFumugENU3J",
      "version": "3.11.0",
      "dependencies": {},
      "lang": "ts",
      "fileLocks": [
        {
          "assetId": "ohDidvG9XsCeFumugENU3J",
          "checksum": "73de8759f6c0d9a50948d6d3d7bf794b",
          "type": "globalContexts"
        },
        {
          "assetId": "ohDidvG9XsCeFumugENU3J",
          "type": "projectCss",
          "checksum": "93726672d70545e454fbe5134deec821"
        }
      ],
      "codegenVersion": "0.0.1"
    },
    {
      "projectId": "iKm2w5zQkVZvuqT51PP4Eo",
      "version": "latest",
      "dependencies": {
        "ohDidvG9XsCeFumugENU3J": "3.11.0"
      },
      "lang": "ts",
      "fileLocks": [
        {
          "type": "globalVariant",
          "assetId": "VEvGkutQSEE-V",
          "checksum": "cb17cd0fad5c6a7a2694c55e36769b21"
        },
        {
          "assetId": "iKm2w5zQkVZvuqT51PP4Eo",
          "checksum": "b1a06a1923e445b29a88c4aed2f77e46",
          "type": "globalContexts"
        },
        {
          "type": "renderModule",
          "assetId": "5l9bOKBuvK7B",
          "checksum": "b2c0b503585cb3bc0832cc72efd10708"
        },
        {
          "type": "cssRules",
          "assetId": "5l9bOKBuvK7B",
          "checksum": "b2c0b503585cb3bc0832cc72efd10708"
        },
        {
          "type": "renderModule",
          "assetId": "mqOKPI__U1C",
          "checksum": "a40c48c232b5dd26c532df58a2865e42"
        },
        {
          "type": "cssRules",
          "assetId": "mqOKPI__U1C",
          "checksum": "a40c48c232b5dd26c532df58a2865e42"
        },
        {
          "type": "renderModule",
          "assetId": "Fs5OtDdX5n",
          "checksum": "6c9381865177f6a7943aed2bef6492bf"
        },
        {
          "type": "cssRules",
          "assetId": "Fs5OtDdX5n",
          "checksum": "6c9381865177f6a7943aed2bef6492bf"
        },
        {
          "type": "renderModule",
          "assetId": "G7-ifMI2_6",
          "checksum": "8c47ea48edcc80aad449331337d1d82c"
        },
        {
          "type": "cssRules",
          "assetId": "G7-ifMI2_6",
          "checksum": "8c47ea48edcc80aad449331337d1d82c"
        },
        {
          "type": "renderModule",
          "assetId": "cIG6OIuy1Z",
          "checksum": "5163f1e88023ce0c69d9741d7782ff25"
        },
        {
          "type": "cssRules",
          "assetId": "cIG6OIuy1Z",
          "checksum": "5163f1e88023ce0c69d9741d7782ff25"
        },
        {
          "type": "renderModule",
          "assetId": "kwn848ytFs",
          "checksum": "9ddf9d94813ba4b67c55f2a90df2610f"
        },
        {
          "type": "cssRules",
          "assetId": "kwn848ytFs",
          "checksum": "9ddf9d94813ba4b67c55f2a90df2610f"
        },
        {
          "type": "renderModule",
          "assetId": "fmpSw01Nli",
          "checksum": "a272ad0f561a46d7bc33b89b98f57e2f"
        },
        {
          "type": "cssRules",
          "assetId": "fmpSw01Nli",
          "checksum": "a272ad0f561a46d7bc33b89b98f57e2f"
        },
        {
          "type": "renderModule",
          "assetId": "LW1ZHmZtc1I",
          "checksum": "c4847e9b4d6d3b76b165efc04aa47d31"
        },
        {
          "type": "cssRules",
          "assetId": "LW1ZHmZtc1I",
          "checksum": "c4847e9b4d6d3b76b165efc04aa47d31"
        },
        {
          "type": "renderModule",
          "assetId": "rRlSjYLvCT",
          "checksum": "70b3d0e462bd5151c48cff11495961af"
        },
        {
          "type": "cssRules",
          "assetId": "rRlSjYLvCT",
          "checksum": "70b3d0e462bd5151c48cff11495961af"
        },
        {
          "type": "renderModule",
          "assetId": "pcQ3qiQYH3R",
          "checksum": "65919be61ae2c9209201f85685753b21"
        },
        {
          "type": "cssRules",
          "assetId": "pcQ3qiQYH3R",
          "checksum": "65919be61ae2c9209201f85685753b21"
        },
        {
          "type": "renderModule",
          "assetId": "0dd6JN1rIs",
          "checksum": "6f5036dfc2bd951a6ea36e85646fd786"
        },
        {
          "type": "cssRules",
          "assetId": "0dd6JN1rIs",
          "checksum": "6f5036dfc2bd951a6ea36e85646fd786"
        },
        {
          "type": "renderModule",
          "assetId": "shf87k89kA",
          "checksum": "835de2cb60d9879f85d56cbc55ca93a9"
        },
        {
          "type": "cssRules",
          "assetId": "shf87k89kA",
          "checksum": "835de2cb60d9879f85d56cbc55ca93a9"
        },
        {
          "type": "renderModule",
          "assetId": "R61mrCin7_P",
          "checksum": "55aaa009e469b250c55f44e778eb44c1"
        },
        {
          "type": "cssRules",
          "assetId": "R61mrCin7_P",
          "checksum": "55aaa009e469b250c55f44e778eb44c1"
        },
        {
          "type": "icon",
          "assetId": "SBvHu7dbLxB",
          "checksum": "4cdfeba3888d2bd17e8c9dd42989556b"
        },
        {
          "type": "icon",
          "assetId": "Dv0lahOnAgu",
          "checksum": "0f3fe5fae9624e170cdbed85c3398fea"
        },
        {
          "type": "icon",
          "assetId": "4j-RZ00_Dsa2",
          "checksum": "938c0deaf97f24f7faa32f0dc2aba27e"
        },
        {
          "type": "icon",
          "assetId": "SvpL0X2s9gW",
          "checksum": "8c1f745dd6b8934ee8eadf09ede18bc0"
        },
        {
          "type": "icon",
          "assetId": "UVhfm8Vw8",
          "checksum": "449ef30bb9b856917f026950d761d58f"
        },
        {
          "type": "icon",
          "assetId": "BINpeFFuv2",
          "checksum": "ec0374942124880d6c0cbbd6173529ea"
        },
        {
          "type": "image",
          "assetId": "lr2xG2Q_KUtF",
          "checksum": "c5496cfb40b3ecbbb665c7701590e7c0"
        },
        {
          "type": "renderModule",
          "assetId": "mz5eL8luPc",
          "checksum": "37cacddfacb0ecb9ea095fcb27d0219e"
        },
        {
          "type": "cssRules",
          "assetId": "mz5eL8luPc",
          "checksum": "37cacddfacb0ecb9ea095fcb27d0219e"
        },
        {
          "type": "renderModule",
          "assetId": "zjXR6j2rv6",
          "checksum": "675cdba2c44e3af50e59de374a16aa9a"
        },
        {
          "type": "cssRules",
          "assetId": "zjXR6j2rv6",
          "checksum": "675cdba2c44e3af50e59de374a16aa9a"
        },
        {
          "type": "renderModule",
          "assetId": "AoV4HBbmR-X",
          "checksum": "d20896f50b18061bf9c7743f697c08a0"
        },
        {
          "type": "cssRules",
          "assetId": "AoV4HBbmR-X",
          "checksum": "d20896f50b18061bf9c7743f697c08a0"
        },
        {
          "type": "renderModule",
          "assetId": "1c6dN2zHje2",
          "checksum": "419a7f95da13ad4d2690a5ae97e6b941"
        },
        {
          "type": "cssRules",
          "assetId": "1c6dN2zHje2",
          "checksum": "419a7f95da13ad4d2690a5ae97e6b941"
        },
        {
          "type": "renderModule",
          "assetId": "wxpOTScsLgX",
          "checksum": "a17274c140341d2426ca004bf2ef1898"
        },
        {
          "type": "cssRules",
          "assetId": "wxpOTScsLgX",
          "checksum": "a17274c140341d2426ca004bf2ef1898"
        },
        {
          "type": "renderModule",
          "assetId": "RikpPBGkO_e",
          "checksum": "4a308558364e502d2ebc170e49be4538"
        },
        {
          "type": "cssRules",
          "assetId": "RikpPBGkO_e",
          "checksum": "4a308558364e502d2ebc170e49be4538"
        },
        {
          "type": "icon",
          "assetId": "70VliLjA9aV",
          "checksum": "fdeda35c490e7cfba980059868941d8c"
        },
        {
          "type": "icon",
          "assetId": "oM_L1nAMeco",
          "checksum": "bb03265bd2c5803a65f492d69fadddac"
        },
        {
          "assetId": "iKm2w5zQkVZvuqT51PP4Eo",
          "type": "projectCss",
          "checksum": "887e08f56785588d08104659683397d8"
        }
      ],
      "codegenVersion": "0.0.1"
    }
  ],
  "cliVersion": "0.1.274"
}
