{
  "projects": [
    {
      "projectId": "ohDidvG9XsCeFumugENU3J",
      "version": "4.6.0",
      "dependencies": {},
      "lang": "ts",
      "fileLocks": [
        {
          "assetId": "ohDidvG9XsCeFumugENU3J",
          "checksum": "8f45a75070e2f0edc34a4dc3d5f6b736",
          "type": "globalContexts"
        },
        {
          "assetId": "ohDidvG9XsCeFumugENU3J",
          "type": "projectCss",
          "checksum": "fd83b730367fdbde2c69bc6cf31c2a3c"
        }
      ],
      "codegenVersion": "0.0.1"
    },
    {
      "projectId": "iKm2w5zQkVZvuqT51PP4Eo",
      "version": "latest",
      "dependencies": {
        "ohDidvG9XsCeFumugENU3J": "4.6.0",
        "jkU633o1Cz7HrJdwdxhVHk": "15.1.0",
        "9Vr5YWkf3w7jj6SsTcCEta": "0.0.1"
      },
      "lang": "ts",
      "fileLocks": [
        {
          "type": "globalVariant",
          "assetId": "VEvGkutQSEE-V",
          "checksum": "cb17cd0fad5c6a7a2694c55e36769b21"
        },
        {
          "assetId": "iKm2w5zQkVZvuqT51PP4Eo",
          "checksum": "c41cbf2eea84c49ddea60432d04054d8",
          "type": "globalContexts"
        },
        {
          "type": "renderModule",
          "assetId": "5l9bOKBuvK7B",
          "checksum": "4f01287e32623effa3e5db4965d1246a"
        },
        {
          "type": "cssRules",
          "assetId": "5l9bOKBuvK7B",
          "checksum": "4f01287e32623effa3e5db4965d1246a"
        },
        {
          "type": "renderModule",
          "assetId": "mqOKPI__U1C",
          "checksum": "93be1b7de1da987e8e54613796f3d1f6"
        },
        {
          "type": "cssRules",
          "assetId": "mqOKPI__U1C",
          "checksum": "93be1b7de1da987e8e54613796f3d1f6"
        },
        {
          "type": "renderModule",
          "assetId": "Fs5OtDdX5n",
          "checksum": "db1017a121d4caacbc0328e792b19620"
        },
        {
          "type": "cssRules",
          "assetId": "Fs5OtDdX5n",
          "checksum": "db1017a121d4caacbc0328e792b19620"
        },
        {
          "type": "renderModule",
          "assetId": "G7-ifMI2_6",
          "checksum": "2f5fd4aebb24a68b6e6136cfddaaadf7"
        },
        {
          "type": "cssRules",
          "assetId": "G7-ifMI2_6",
          "checksum": "2f5fd4aebb24a68b6e6136cfddaaadf7"
        },
        {
          "type": "renderModule",
          "assetId": "cIG6OIuy1Z",
          "checksum": "6b7c2eb4d03c402f908424f874823e7a"
        },
        {
          "type": "cssRules",
          "assetId": "cIG6OIuy1Z",
          "checksum": "6b7c2eb4d03c402f908424f874823e7a"
        },
        {
          "type": "renderModule",
          "assetId": "kwn848ytFs",
          "checksum": "41701417737fd00dfa0208d8b683d60b"
        },
        {
          "type": "cssRules",
          "assetId": "kwn848ytFs",
          "checksum": "41701417737fd00dfa0208d8b683d60b"
        },
        {
          "type": "renderModule",
          "assetId": "fmpSw01Nli",
          "checksum": "64775c6e53034d5d4b6814dabebf8894"
        },
        {
          "type": "cssRules",
          "assetId": "fmpSw01Nli",
          "checksum": "64775c6e53034d5d4b6814dabebf8894"
        },
        {
          "type": "renderModule",
          "assetId": "LW1ZHmZtc1I",
          "checksum": "d9f923fc8420af67f54c117d6f561982"
        },
        {
          "type": "cssRules",
          "assetId": "LW1ZHmZtc1I",
          "checksum": "d9f923fc8420af67f54c117d6f561982"
        },
        {
          "type": "renderModule",
          "assetId": "rRlSjYLvCT",
          "checksum": "64c006ef20d9cfac04873d52e6c3083c"
        },
        {
          "type": "cssRules",
          "assetId": "rRlSjYLvCT",
          "checksum": "64c006ef20d9cfac04873d52e6c3083c"
        },
        {
          "type": "renderModule",
          "assetId": "pcQ3qiQYH3R",
          "checksum": "9be754283075d8f89bcd198d50c92358"
        },
        {
          "type": "cssRules",
          "assetId": "pcQ3qiQYH3R",
          "checksum": "9be754283075d8f89bcd198d50c92358"
        },
        {
          "type": "renderModule",
          "assetId": "0dd6JN1rIs",
          "checksum": "456cfd8ff500c6af63c836690440d2b7"
        },
        {
          "type": "cssRules",
          "assetId": "0dd6JN1rIs",
          "checksum": "456cfd8ff500c6af63c836690440d2b7"
        },
        {
          "type": "renderModule",
          "assetId": "shf87k89kA",
          "checksum": "d18bd0a9a89a4c24b73746a9533cfc8f"
        },
        {
          "type": "cssRules",
          "assetId": "shf87k89kA",
          "checksum": "d18bd0a9a89a4c24b73746a9533cfc8f"
        },
        {
          "type": "renderModule",
          "assetId": "R61mrCin7_P",
          "checksum": "ae214662e9bad21e13c9abf70f0d6b7a"
        },
        {
          "type": "cssRules",
          "assetId": "R61mrCin7_P",
          "checksum": "ae214662e9bad21e13c9abf70f0d6b7a"
        },
        {
          "type": "icon",
          "assetId": "SBvHu7dbLxB",
          "checksum": "4cdfeba3888d2bd17e8c9dd42989556b"
        },
        {
          "type": "icon",
          "assetId": "Dv0lahOnAgu",
          "checksum": "0f3fe5fae9624e170cdbed85c3398fea"
        },
        {
          "type": "icon",
          "assetId": "4j-RZ00_Dsa2",
          "checksum": "938c0deaf97f24f7faa32f0dc2aba27e"
        },
        {
          "type": "icon",
          "assetId": "SvpL0X2s9gW",
          "checksum": "8c1f745dd6b8934ee8eadf09ede18bc0"
        },
        {
          "type": "icon",
          "assetId": "UVhfm8Vw8",
          "checksum": "449ef30bb9b856917f026950d761d58f"
        },
        {
          "type": "icon",
          "assetId": "BINpeFFuv2",
          "checksum": "ec0374942124880d6c0cbbd6173529ea"
        },
        {
          "type": "image",
          "assetId": "lr2xG2Q_KUtF",
          "checksum": "c5496cfb40b3ecbbb665c7701590e7c0"
        },
        {
          "type": "renderModule",
          "assetId": "mz5eL8luPc",
          "checksum": "6bb4a4279bdd93c47bb604592534f777"
        },
        {
          "type": "cssRules",
          "assetId": "mz5eL8luPc",
          "checksum": "6bb4a4279bdd93c47bb604592534f777"
        },
        {
          "type": "renderModule",
          "assetId": "zjXR6j2rv6",
          "checksum": "b8ee8023df33f77957accc644e3027a5"
        },
        {
          "type": "cssRules",
          "assetId": "zjXR6j2rv6",
          "checksum": "b8ee8023df33f77957accc644e3027a5"
        },
        {
          "type": "renderModule",
          "assetId": "AoV4HBbmR-X",
          "checksum": "b8dfe53304cdc4443672c6cfd3e55401"
        },
        {
          "type": "cssRules",
          "assetId": "AoV4HBbmR-X",
          "checksum": "b8dfe53304cdc4443672c6cfd3e55401"
        },
        {
          "type": "renderModule",
          "assetId": "1c6dN2zHje2",
          "checksum": "8b9867d0ed2ced6e8f4119016dad059e"
        },
        {
          "type": "cssRules",
          "assetId": "1c6dN2zHje2",
          "checksum": "8b9867d0ed2ced6e8f4119016dad059e"
        },
        {
          "type": "renderModule",
          "assetId": "wxpOTScsLgX",
          "checksum": "f03e440fce6aa6600f0a67fc1af2f340"
        },
        {
          "type": "cssRules",
          "assetId": "wxpOTScsLgX",
          "checksum": "f03e440fce6aa6600f0a67fc1af2f340"
        },
        {
          "type": "renderModule",
          "assetId": "RikpPBGkO_e",
          "checksum": "8d86c42ffed8177dc904539a7cad4eff"
        },
        {
          "type": "cssRules",
          "assetId": "RikpPBGkO_e",
          "checksum": "8d86c42ffed8177dc904539a7cad4eff"
        },
        {
          "type": "icon",
          "assetId": "70VliLjA9aV",
          "checksum": "fdeda35c490e7cfba980059868941d8c"
        },
        {
          "type": "icon",
          "assetId": "oM_L1nAMeco",
          "checksum": "bb03265bd2c5803a65f492d69fadddac"
        },
        {
          "type": "renderModule",
          "assetId": "RPyurRAYUmZ",
          "checksum": "583d00a72d904e79a90c06f594da9e6e"
        },
        {
          "type": "cssRules",
          "assetId": "RPyurRAYUmZ",
          "checksum": "583d00a72d904e79a90c06f594da9e6e"
        },
        {
          "type": "icon",
          "assetId": "aHGPt-BE0NL",
          "checksum": "748e1ff8c97928576cf320ddd2bcf879"
        },
        {
          "type": "icon",
          "assetId": "g-d2Xfww5GI",
          "checksum": "2d3ef79f7c69bd7a7e743e327585f96f"
        },
        {
          "type": "icon",
          "assetId": "wz6v6Rc_ubf",
          "checksum": "8f76f1c9e731638ed3a37fe67c31cf9b"
        },
        {
          "type": "icon",
          "assetId": "eUwkeFQMmR",
          "checksum": "0b51d0e10b4ebff5c49351d776413755"
        },
        {
          "type": "renderModule",
          "assetId": "EB7ppsy1rez",
          "checksum": "430ac1b823f2bb0a21f4d1ccc029acab"
        },
        {
          "type": "cssRules",
          "assetId": "EB7ppsy1rez",
          "checksum": "430ac1b823f2bb0a21f4d1ccc029acab"
        },
        {
          "type": "renderModule",
          "assetId": "gnVJgCSe6k",
          "checksum": "b9d9654f673eae7c57ffb911c94f36ef"
        },
        {
          "type": "cssRules",
          "assetId": "gnVJgCSe6k",
          "checksum": "b9d9654f673eae7c57ffb911c94f36ef"
        },
        {
          "type": "renderModule",
          "assetId": "OXgNvGfpFJH",
          "checksum": "ad93e43f64b825d8b6da02cfc755a144"
        },
        {
          "type": "cssRules",
          "assetId": "OXgNvGfpFJH",
          "checksum": "ad93e43f64b825d8b6da02cfc755a144"
        },
        {
          "type": "renderModule",
          "assetId": "59BY5_2uYqZ",
          "checksum": "ab00e1471c0eed0999d02dcc6ac3266e"
        },
        {
          "type": "cssRules",
          "assetId": "59BY5_2uYqZ",
          "checksum": "ab00e1471c0eed0999d02dcc6ac3266e"
        },
        {
          "type": "renderModule",
          "assetId": "NfWt_UBWT-",
          "checksum": "4c48e07643c5c20808c9c8fb470e8668"
        },
        {
          "type": "cssRules",
          "assetId": "NfWt_UBWT-",
          "checksum": "4c48e07643c5c20808c9c8fb470e8668"
        },
        {
          "assetId": "iKm2w5zQkVZvuqT51PP4Eo",
          "type": "projectCss",
          "checksum": "173c55b03794123e2412cd5d52d18d7b"
        }
      ],
      "codegenVersion": "0.0.1"
    },
    {
      "projectId": "jkU633o1Cz7HrJdwdxhVHk",
      "version": "15.1.0",
      "dependencies": {},
      "lang": "ts",
      "fileLocks": [
        {
          "assetId": "jkU633o1Cz7HrJdwdxhVHk",
          "type": "projectCss",
          "checksum": "e1ec850476829c38b0f9b6d4f7ac446a"
        }
      ],
      "codegenVersion": "0.0.1"
    },
    {
      "projectId": "9Vr5YWkf3w7jj6SsTcCEta",
      "version": "0.0.1",
      "dependencies": {},
      "lang": "ts",
      "fileLocks": [
        {
          "assetId": "9Vr5YWkf3w7jj6SsTcCEta",
          "type": "projectCss",
          "checksum": "e1ec850476829c38b0f9b6d4f7ac446a"
        }
      ],
      "codegenVersion": "0.0.1"
    }
  ],
  "cliVersion": "0.1.274"
}
